
Microsoft Visual Studio Solution File, Format Version 12.00
# Visual Studio 2013
VisualStudioVersion = 12.0.31101.0
MinimumVisualStudioVersion = 10.0.40219.1
Project("{FAE04EC0-301F-11D3-BF4B-00C04F79EFBC}") = "MaximalSum", "MaximalSum\MaximalSum.csproj", "{8A05A2DD-F6B4-4AC2-A644-54156A49ACA7}"
EndProject
Project("{FAE04EC0-301F-11D3-BF4B-00C04F79EFBC}") = "FillTheMatrix", "FillTheMatrix\FillTheMatrix.csproj", "{BCB3E099-29F1-45E1-8BBA-FD780D2393F2}"
EndProject
Project("{FAE04EC0-301F-11D3-BF4B-00C04F79EFBC}") = "SequenceInMatrix", "SequenceInMatrix\SequenceInMatrix.csproj", "{8504F23C-41FC-4494-96DF-259EAAB0580A}"
EndProject
Project("{FAE04EC0-301F-11D3-BF4B-00C04F79EFBC}") = "LargestAreaInMatrix", "LargestAreaInMatrix\LargestAreaInMatrix.csproj", "{BF80A0AB-1020-45BD-AB76-1F929F2A8913}"
EndProject
Project("{FAE04EC0-301F-11D3-BF4B-00C04F79EFBC}") = "Largest", "Largest\Largest.csproj", "{ADF69062-550B-4489-B138-05269CADA692}"
EndProject
Project("{FAE04EC0-301F-11D3-BF4B-00C04F79EFBC}") = "App", "ConsoleApplication1\App.csproj", "{FDF61A0F-0CA0-45D3-9B8E-89C72C6C6FC4}"
EndProject
Global
	GlobalSection(SolutionConfigurationPlatforms) = preSolution
		Debug|Any CPU = Debug|Any CPU
		Release|Any CPU = Release|Any CPU
	EndGlobalSection
	GlobalSection(ProjectConfigurationPlatforms) = postSolution
		{8A05A2DD-F6B4-4AC2-A644-54156A49ACA7}.Debug|Any CPU.ActiveCfg = Debug|Any CPU
		{8A05A2DD-F6B4-4AC2-A644-54156A49ACA7}.Debug|Any CPU.Build.0 = Debug|Any CPU
		{8A05A2DD-F6B4-4AC2-A644-54156A49ACA7}.Release|Any CPU.ActiveCfg = Release|Any CPU
		{8A05A2DD-F6B4-4AC2-A644-54156A49ACA7}.Release|Any CPU.Build.0 = Release|Any CPU
		{BCB3E099-29F1-45E1-8BBA-FD780D2393F2}.Debug|Any CPU.ActiveCfg = Debug|Any CPU
		{BCB3E099-29F1-45E1-8BBA-FD780D2393F2}.Debug|Any CPU.Build.0 = Debug|Any CPU
		{BCB3E099-29F1-45E1-8BBA-FD780D2393F2}.Release|Any CPU.ActiveCfg = Release|Any CPU
		{BCB3E099-29F1-45E1-8BBA-FD780D2393F2}.Release|Any CPU.Build.0 = Release|Any CPU
		{8504F23C-41FC-4494-96DF-259EAAB0580A}.Debug|Any CPU.ActiveCfg = Debug|Any CPU
		{8504F23C-41FC-4494-96DF-259EAAB0580A}.Debug|Any CPU.Build.0 = Debug|Any CPU
		{8504F23C-41FC-4494-96DF-259EAAB0580A}.Release|Any CPU.ActiveCfg = Release|Any CPU
		{8504F23C-41FC-4494-96DF-259EAAB0580A}.Release|Any CPU.Build.0 = Release|Any CPU
		{BF80A0AB-1020-45BD-AB76-1F929F2A8913}.Debug|Any CPU.ActiveCfg = Debug|Any CPU
		{BF80A0AB-1020-45BD-AB76-1F929F2A8913}.Debug|Any CPU.Build.0 = Debug|Any CPU
		{BF80A0AB-1020-45BD-AB76-1F929F2A8913}.Release|Any CPU.ActiveCfg = Release|Any CPU
		{BF80A0AB-1020-45BD-AB76-1F929F2A8913}.Release|Any CPU.Build.0 = Release|Any CPU
		{ADF69062-550B-4489-B138-05269CADA692}.Debug|Any CPU.ActiveCfg = Debug|Any CPU
		{ADF69062-550B-4489-B138-05269CADA692}.Debug|Any CPU.Build.0 = Debug|Any CPU
		{ADF69062-550B-4489-B138-05269CADA692}.Release|Any CPU.ActiveCfg = Release|Any CPU
		{ADF69062-550B-4489-B138-05269CADA692}.Release|Any CPU.Build.0 = Release|Any CPU
		{FDF61A0F-0CA0-45D3-9B8E-89C72C6C6FC4}.Debug|Any CPU.ActiveCfg = Debug|Any CPU
		{FDF61A0F-0CA0-45D3-9B8E-89C72C6C6FC4}.Debug|Any CPU.Build.0 = Debug|Any CPU
		{FDF61A0F-0CA0-45D3-9B8E-89C72C6C6FC4}.Release|Any CPU.ActiveCfg = Release|Any CPU
		{FDF61A0F-0CA0-45D3-9B8E-89C72C6C6FC4}.Release|Any CPU.Build.0 = Release|Any CPU
	EndGlobalSection
	GlobalSection(SolutionProperties) = preSolution
		HideSolutionNode = FALSE
	EndGlobalSection
EndGlobal
